
Microsoft Visual Studio Solution File, Format Version 12.00
# Visual Studio Version 16
VisualStudioVersion = 16.0.31019.35
MinimumVisualStudioVersion = 10.0.40219.1
Project("{FAE04EC0-301F-11D3-BF4B-00C04F79EFBC}") = "TopSecretLibrary", "TopSecretLibrary\TopSecretLibrary.csproj", "{0CCB0C2E-6398-4273-8796-95EDA0AC12FB}"
EndProject
Global
	GlobalSection(SolutionConfigurationPlatforms) = preSolution
		Debug|Any CPU = Debug|Any CPU
		Release|Any CPU = Release|Any CPU
	EndGlobalSection
	GlobalSection(ProjectConfigurationPlatforms) = postSolution
		{0CCB0C2E-6398-4273-8796-95EDA0AC12FB}.Debug|Any CPU.ActiveCfg = Debug|Any CPU
		{0CCB0C2E-6398-4273-8796-95EDA0AC12FB}.Debug|Any CPU.Build.0 = Debug|Any CPU
		{0CCB0C2E-6398-4273-8796-95EDA0AC12FB}.Release|Any CPU.ActiveCfg = Release|Any CPU
		{0CCB0C2E-6398-4273-8796-95EDA0AC12FB}.Release|Any CPU.Build.0 = Release|Any CPU
	EndGlobalSection
	GlobalSection(SolutionProperties) = preSolution
		HideSolutionNode = FALSE
	EndGlobalSection
	GlobalSection(ExtensibilityGlobals) = postSolution
		SolutionGuid = {C123B39F-2EB9-46AC-8EAF-15A271D59389}
	EndGlobalSection
EndGlobal
